// !$*UTF8*$!
{
	archiveVersion = 1;
	classes = {
	};
	objectVersion = 46;
	objects = {

/* Begin PBXBuildFile section */
		6841F6515BC49C5D900BBD6E /* libPods-Signinout.a in Frameworks */ = {isa = PBXBuildFile; fileRef = 9F86FAA9088E2078D4B70699 /* libPods-Signinout.a */; };
		B6014DB91D5587080092F688 /* PunchListTableViewController.m in Sources */ = {isa = PBXBuildFile; fileRef = B6014DB81D5587080092F688 /* PunchListTableViewController.m */; };
		B6014DBC1D5587D20092F688 /* PunchListTableViewCell.m in Sources */ = {isa = PBXBuildFile; fileRef = B6014DBB1D5587D20092F688 /* PunchListTableViewCell.m */; };
		B6014DEC1D55B3EF0092F688 /* PunchViewController.m in Sources */ = {isa = PBXBuildFile; fileRef = B6014DEB1D55B3EF0092F688 /* PunchViewController.m */; };
		B6014E151D55B8C90092F688 /* CFNetwork.framework in Frameworks */ = {isa = PBXBuildFile; fileRef = B6014E141D55B8C90092F688 /* CFNetwork.framework */; };
		B6014E171D55B8D40092F688 /* SystemConfiguration.framework in Frameworks */ = {isa = PBXBuildFile; fileRef = B6014E161D55B8D40092F688 /* SystemConfiguration.framework */; };
		B6014E191D55B8DE0092F688 /* Security.framework in Frameworks */ = {isa = PBXBuildFile; fileRef = B6014E181D55B8DE0092F688 /* Security.framework */; };
		B606EE6D1DF39911001EC317 /* PunchNavigationController.m in Sources */ = {isa = PBXBuildFile; fileRef = B606EE6C1DF39911001EC317 /* PunchNavigationController.m */; };
		B606EE701DF3B831001EC317 /* CALayer+LayerColor.m in Sources */ = {isa = PBXBuildFile; fileRef = B606EE6F1DF3B831001EC317 /* CALayer+LayerColor.m */; };
		B611DD9E1F029A9400E3A433 /* ILTranslucentView.m in Sources */ = {isa = PBXBuildFile; fileRef = B611DD9B1F029A9400E3A433 /* ILTranslucentView.m */; };
		B611DD9F1F029A9400E3A433 /* UICustomActionSheet.m in Sources */ = {isa = PBXBuildFile; fileRef = B611DD9D1F029A9400E3A433 /* UICustomActionSheet.m */; };
		B649DDE51F063DE40067E87F /* DateUtils.m in Sources */ = {isa = PBXBuildFile; fileRef = B649DDE41F063DE40067E87F /* DateUtils.m */; };
		B6550ED91E0F583E00CEB007 /* EditMonthlyDataViewController.m in Sources */ = {isa = PBXBuildFile; fileRef = B6550ED81E0F583E00CEB007 /* EditMonthlyDataViewController.m */; };
		B6550EDF1E0FA68300CEB007 /* WebServiceAPI.m in Sources */ = {isa = PBXBuildFile; fileRef = B6550EDE1E0FA68300CEB007 /* WebServiceAPI.m */; };
		B6550EEE1E0FBF0E00CEB007 /* HttpResponseErrorCode.m in Sources */ = {isa = PBXBuildFile; fileRef = B6550EED1E0FBF0E00CEB007 /* HttpResponseErrorCode.m */; };
		B66709D71D503C71009B0A3A /* main.m in Sources */ = {isa = PBXBuildFile; fileRef = B66709D61D503C71009B0A3A /* main.m */; };
		B66709DA1D503C71009B0A3A /* AppDelegate.m in Sources */ = {isa = PBXBuildFile; fileRef = B66709D91D503C71009B0A3A /* AppDelegate.m */; };
		B66709E31D503C71009B0A3A /* Main.storyboard in Resources */ = {isa = PBXBuildFile; fileRef = B66709E11D503C71009B0A3A /* Main.storyboard */; };
		B66709E51D503C71009B0A3A /* Assets.xcassets in Resources */ = {isa = PBXBuildFile; fileRef = B66709E41D503C71009B0A3A /* Assets.xcassets */; };
		B66709E81D503C71009B0A3A /* LaunchScreen.storyboard in Resources */ = {isa = PBXBuildFile; fileRef = B66709E61D503C71009B0A3A /* LaunchScreen.storyboard */; };
		B66709F31D503C71009B0A3A /* SigninoutTests.m in Sources */ = {isa = PBXBuildFile; fileRef = B66709F21D503C71009B0A3A /* SigninoutTests.m */; };
		B66709FE1D503C71009B0A3A /* SigninoutUITests.m in Sources */ = {isa = PBXBuildFile; fileRef = B66709FD1D503C71009B0A3A /* SigninoutUITests.m */; };
		B6670A131D50436C009B0A3A /* SetupViewController.m in Sources */ = {isa = PBXBuildFile; fileRef = B6670A121D50436C009B0A3A /* SetupViewController.m */; };
		B685A01A1E99DAC9000B484E /* MessageUI.framework in Frameworks */ = {isa = PBXBuildFile; fileRef = B685A0191E99DAC9000B484E /* MessageUI.framework */; };
		B6B167CD1DE97FCC008212D8 /* LoginAfterUITabBarViewController.m in Sources */ = {isa = PBXBuildFile; fileRef = B6B167CC1DE97FCC008212D8 /* LoginAfterUITabBarViewController.m */; };
		B6D165A51E80163E00404813 /* SetupTableViewController.m in Sources */ = {isa = PBXBuildFile; fileRef = B6D165A41E80163E00404813 /* SetupTableViewController.m */; };
		B6D165A81E81266A00404813 /* PasswordChangeTableViewController.m in Sources */ = {isa = PBXBuildFile; fileRef = B6D165A71E81266A00404813 /* PasswordChangeTableViewController.m */; };
		B6EA79CC1DE9736C00F64C9A /* LoginViewController.m in Sources */ = {isa = PBXBuildFile; fileRef = B6EA79CB1DE9736C00F64C9A /* LoginViewController.m */; };
		B6ED57F91E83FE6600203E33 /* Message.plist in Resources */ = {isa = PBXBuildFile; fileRef = B6ED57F81E83FE6600203E33 /* Message.plist */; };
/* End PBXBuildFile section */

/* Begin PBXContainerItemProxy section */
		B66709EF1D503C71009B0A3A /* PBXContainerItemProxy */ = {
			isa = PBXContainerItemProxy;
			containerPortal = B66709CA1D503C71009B0A3A /* Project object */;
			proxyType = 1;
			remoteGlobalIDString = B66709D11D503C71009B0A3A;
			remoteInfo = Signinout;
		};
		B66709FA1D503C71009B0A3A /* PBXContainerItemProxy */ = {
			isa = PBXContainerItemProxy;
			containerPortal = B66709CA1D503C71009B0A3A /* Project object */;
			proxyType = 1;
			remoteGlobalIDString = B66709D11D503C71009B0A3A;
			remoteInfo = Signinout;
		};
/* End PBXContainerItemProxy section */

/* Begin PBXFileReference section */
		3FBB80FB409530A6CF5B05DD /* Pods-Signinout.debug.xcconfig */ = {isa = PBXFileReference; includeInIndex = 1; lastKnownFileType = text.xcconfig; name = "Pods-Signinout.debug.xcconfig"; path = "Pods/Target Support Files/Pods-Signinout/Pods-Signinout.debug.xcconfig"; sourceTree = "<group>"; };
		7225D7C502CABEF8068450FD /* Pods-Signinout.release.xcconfig */ = {isa = PBXFileReference; includeInIndex = 1; lastKnownFileType = text.xcconfig; name = "Pods-Signinout.release.xcconfig"; path = "Pods/Target Support Files/Pods-Signinout/Pods-Signinout.release.xcconfig"; sourceTree = "<group>"; };
		9F86FAA9088E2078D4B70699 /* libPods-Signinout.a */ = {isa = PBXFileReference; explicitFileType = archive.ar; includeInIndex = 0; path = "libPods-Signinout.a"; sourceTree = BUILT_PRODUCTS_DIR; };
		B6014DB71D5587080092F688 /* PunchListTableViewController.h */ = {isa = PBXFileReference; fileEncoding = 4; lastKnownFileType = sourcecode.c.h; path = PunchListTableViewController.h; sourceTree = "<group>"; };
		B6014DB81D5587080092F688 /* PunchListTableViewController.m */ = {isa = PBXFileReference; fileEncoding = 4; lastKnownFileType = sourcecode.c.objc; path = PunchListTableViewController.m; sourceTree = "<group>"; };
		B6014DBA1D5587D20092F688 /* PunchListTableViewCell.h */ = {isa = PBXFileReference; fileEncoding = 4; lastKnownFileType = sourcecode.c.h; path = PunchListTableViewCell.h; sourceTree = "<group>"; };
		B6014DBB1D5587D20092F688 /* PunchListTableViewCell.m */ = {isa = PBXFileReference; fileEncoding = 4; lastKnownFileType = sourcecode.c.objc; path = PunchListTableViewCell.m; sourceTree = "<group>"; };
		B6014DEA1D55B3EF0092F688 /* PunchViewController.h */ = {isa = PBXFileReference; fileEncoding = 4; lastKnownFileType = sourcecode.c.h; path = PunchViewController.h; sourceTree = "<group>"; };
		B6014DEB1D55B3EF0092F688 /* PunchViewController.m */ = {isa = PBXFileReference; fileEncoding = 4; lastKnownFileType = sourcecode.c.objc; path = PunchViewController.m; sourceTree = "<group>"; };
		B6014E141D55B8C90092F688 /* CFNetwork.framework */ = {isa = PBXFileReference; lastKnownFileType = wrapper.framework; name = CFNetwork.framework; path = System/Library/Frameworks/CFNetwork.framework; sourceTree = SDKROOT; };
		B6014E161D55B8D40092F688 /* SystemConfiguration.framework */ = {isa = PBXFileReference; lastKnownFileType = wrapper.framework; name = SystemConfiguration.framework; path = System/Library/Frameworks/SystemConfiguration.framework; sourceTree = SDKROOT; };
		B6014E181D55B8DE0092F688 /* Security.framework */ = {isa = PBXFileReference; lastKnownFileType = wrapper.framework; name = Security.framework; path = System/Library/Frameworks/Security.framework; sourceTree = SDKROOT; };
		B606EE6B1DF39911001EC317 /* PunchNavigationController.h */ = {isa = PBXFileReference; fileEncoding = 4; lastKnownFileType = sourcecode.c.h; path = PunchNavigationController.h; sourceTree = "<group>"; };
		B606EE6C1DF39911001EC317 /* PunchNavigationController.m */ = {isa = PBXFileReference; fileEncoding = 4; lastKnownFileType = sourcecode.c.objc; path = PunchNavigationController.m; sourceTree = "<group>"; };
		B606EE6E1DF3B831001EC317 /* CALayer+LayerColor.h */ = {isa = PBXFileReference; fileEncoding = 4; lastKnownFileType = sourcecode.c.h; path = "CALayer+LayerColor.h"; sourceTree = "<group>"; };
		B606EE6F1DF3B831001EC317 /* CALayer+LayerColor.m */ = {isa = PBXFileReference; fileEncoding = 4; lastKnownFileType = sourcecode.c.objc; path = "CALayer+LayerColor.m"; sourceTree = "<group>"; };
		B611DD9A1F029A9400E3A433 /* ILTranslucentView.h */ = {isa = PBXFileReference; fileEncoding = 4; lastKnownFileType = sourcecode.c.h; name = ILTranslucentView.h; path = UICustomSheetClasses/ILTranslucentView.h; sourceTree = "<group>"; };
		B611DD9B1F029A9400E3A433 /* ILTranslucentView.m */ = {isa = PBXFileReference; fileEncoding = 4; lastKnownFileType = sourcecode.c.objc; name = ILTranslucentView.m; path = UICustomSheetClasses/ILTranslucentView.m; sourceTree = "<group>"; };
		B611DD9C1F029A9400E3A433 /* UICustomActionSheet.h */ = {isa = PBXFileReference; fileEncoding = 4; lastKnownFileType = sourcecode.c.h; name = UICustomActionSheet.h; path = UICustomSheetClasses/UICustomActionSheet.h; sourceTree = "<group>"; };
		B611DD9D1F029A9400E3A433 /* UICustomActionSheet.m */ = {isa = PBXFileReference; fileEncoding = 4; lastKnownFileType = sourcecode.c.objc; name = UICustomActionSheet.m; path = UICustomSheetClasses/UICustomActionSheet.m; sourceTree = "<group>"; };
		B649DDE31F063DE40067E87F /* DateUtils.h */ = {isa = PBXFileReference; fileEncoding = 4; lastKnownFileType = sourcecode.c.h; path = DateUtils.h; sourceTree = "<group>"; };
		B649DDE41F063DE40067E87F /* DateUtils.m */ = {isa = PBXFileReference; fileEncoding = 4; lastKnownFileType = sourcecode.c.objc; path = DateUtils.m; sourceTree = "<group>"; };
		B6550ED71E0F583E00CEB007 /* EditMonthlyDataViewController.h */ = {isa = PBXFileReference; fileEncoding = 4; lastKnownFileType = sourcecode.c.h; path = EditMonthlyDataViewController.h; sourceTree = "<group>"; };
		B6550ED81E0F583E00CEB007 /* EditMonthlyDataViewController.m */ = {isa = PBXFileReference; fileEncoding = 4; lastKnownFileType = sourcecode.c.objc; path = EditMonthlyDataViewController.m; sourceTree = "<group>"; };
		B6550EDD1E0FA68300CEB007 /* WebServiceAPI.h */ = {isa = PBXFileReference; fileEncoding = 4; lastKnownFileType = sourcecode.c.h; path = WebServiceAPI.h; sourceTree = "<group>"; };
		B6550EDE1E0FA68300CEB007 /* WebServiceAPI.m */ = {isa = PBXFileReference; fileEncoding = 4; lastKnownFileType = sourcecode.c.objc; path = WebServiceAPI.m; sourceTree = "<group>"; };
		B6550EE01E0FAA8500CEB007 /* HttpResponseErrorCode.h */ = {isa = PBXFileReference; fileEncoding = 4; lastKnownFileType = sourcecode.c.h; path = HttpResponseErrorCode.h; sourceTree = "<group>"; };
		B6550EED1E0FBF0E00CEB007 /* HttpResponseErrorCode.m */ = {isa = PBXFileReference; fileEncoding = 4; lastKnownFileType = sourcecode.c.objc; path = HttpResponseErrorCode.m; sourceTree = "<group>"; };
		B66709D21D503C71009B0A3A /* Signinout.app */ = {isa = PBXFileReference; explicitFileType = wrapper.application; includeInIndex = 0; path = Signinout.app; sourceTree = BUILT_PRODUCTS_DIR; };
		B66709D61D503C71009B0A3A /* main.m */ = {isa = PBXFileReference; lastKnownFileType = sourcecode.c.objc; path = main.m; sourceTree = "<group>"; };
		B66709D81D503C71009B0A3A /* AppDelegate.h */ = {isa = PBXFileReference; lastKnownFileType = sourcecode.c.h; path = AppDelegate.h; sourceTree = "<group>"; };
		B66709D91D503C71009B0A3A /* AppDelegate.m */ = {isa = PBXFileReference; lastKnownFileType = sourcecode.c.objc; path = AppDelegate.m; sourceTree = "<group>"; };
		B66709E21D503C71009B0A3A /* Base */ = {isa = PBXFileReference; lastKnownFileType = file.storyboard; name = Base; path = Base.lproj/Main.storyboard; sourceTree = "<group>"; };
		B66709E41D503C71009B0A3A /* Assets.xcassets */ = {isa = PBXFileReference; lastKnownFileType = folder.assetcatalog; path = Assets.xcassets; sourceTree = "<group>"; };
		B66709E71D503C71009B0A3A /* Base */ = {isa = PBXFileReference; lastKnownFileType = file.storyboard; name = Base; path = Base.lproj/LaunchScreen.storyboard; sourceTree = "<group>"; };
		B66709E91D503C71009B0A3A /* Info.plist */ = {isa = PBXFileReference; lastKnownFileType = text.plist.xml; path = Info.plist; sourceTree = "<group>"; };
		B66709EE1D503C71009B0A3A /* SigninoutTests.xctest */ = {isa = PBXFileReference; explicitFileType = wrapper.cfbundle; includeInIndex = 0; path = SigninoutTests.xctest; sourceTree = BUILT_PRODUCTS_DIR; };
		B66709F21D503C71009B0A3A /* SigninoutTests.m */ = {isa = PBXFileReference; lastKnownFileType = sourcecode.c.objc; path = SigninoutTests.m; sourceTree = "<group>"; };
		B66709F41D503C71009B0A3A /* Info.plist */ = {isa = PBXFileReference; lastKnownFileType = text.plist.xml; path = Info.plist; sourceTree = "<group>"; };
		B66709F91D503C71009B0A3A /* SigninoutUITests.xctest */ = {isa = PBXFileReference; explicitFileType = wrapper.cfbundle; includeInIndex = 0; path = SigninoutUITests.xctest; sourceTree = BUILT_PRODUCTS_DIR; };
		B66709FD1D503C71009B0A3A /* SigninoutUITests.m */ = {isa = PBXFileReference; lastKnownFileType = sourcecode.c.objc; path = SigninoutUITests.m; sourceTree = "<group>"; };
		B66709FF1D503C71009B0A3A /* Info.plist */ = {isa = PBXFileReference; lastKnownFileType = text.plist.xml; path = Info.plist; sourceTree = "<group>"; };
		B6670A111D50436C009B0A3A /* SetupViewController.h */ = {isa = PBXFileReference; fileEncoding = 4; lastKnownFileType = sourcecode.c.h; path = SetupViewController.h; sourceTree = "<group>"; };
		B6670A121D50436C009B0A3A /* SetupViewController.m */ = {isa = PBXFileReference; fileEncoding = 4; lastKnownFileType = sourcecode.c.objc; path = SetupViewController.m; sourceTree = "<group>"; };
		B685A0191E99DAC9000B484E /* MessageUI.framework */ = {isa = PBXFileReference; lastKnownFileType = wrapper.framework; name = MessageUI.framework; path = System/Library/Frameworks/MessageUI.framework; sourceTree = SDKROOT; };
		B6B167CB1DE97FCC008212D8 /* LoginAfterUITabBarViewController.h */ = {isa = PBXFileReference; fileEncoding = 4; lastKnownFileType = sourcecode.c.h; path = LoginAfterUITabBarViewController.h; sourceTree = "<group>"; };
		B6B167CC1DE97FCC008212D8 /* LoginAfterUITabBarViewController.m */ = {isa = PBXFileReference; fileEncoding = 4; lastKnownFileType = sourcecode.c.objc; path = LoginAfterUITabBarViewController.m; sourceTree = "<group>"; };
		B6B167CE1DE9A931008212D8 /* ja */ = {isa = PBXFileReference; lastKnownFileType = text.plist.strings; name = ja; path = ja.lproj/Main.strings; sourceTree = "<group>"; };
		B6B167CF1DE9A932008212D8 /* ja */ = {isa = PBXFileReference; lastKnownFileType = text.plist.strings; name = ja; path = ja.lproj/LaunchScreen.strings; sourceTree = "<group>"; };
		B6D165A31E80163E00404813 /* SetupTableViewController.h */ = {isa = PBXFileReference; fileEncoding = 4; lastKnownFileType = sourcecode.c.h; path = SetupTableViewController.h; sourceTree = "<group>"; };
		B6D165A41E80163E00404813 /* SetupTableViewController.m */ = {isa = PBXFileReference; fileEncoding = 4; lastKnownFileType = sourcecode.c.objc; path = SetupTableViewController.m; sourceTree = "<group>"; };
		B6D165A61E81266A00404813 /* PasswordChangeTableViewController.h */ = {isa = PBXFileReference; fileEncoding = 4; lastKnownFileType = sourcecode.c.h; path = PasswordChangeTableViewController.h; sourceTree = "<group>"; };
		B6D165A71E81266A00404813 /* PasswordChangeTableViewController.m */ = {isa = PBXFileReference; fileEncoding = 4; lastKnownFileType = sourcecode.c.objc; path = PasswordChangeTableViewController.m; sourceTree = "<group>"; };
		B6EA79CA1DE9736C00F64C9A /* LoginViewController.h */ = {isa = PBXFileReference; fileEncoding = 4; lastKnownFileType = sourcecode.c.h; path = LoginViewController.h; sourceTree = "<group>"; };
		B6EA79CB1DE9736C00F64C9A /* LoginViewController.m */ = {isa = PBXFileReference; fileEncoding = 4; lastKnownFileType = sourcecode.c.objc; path = LoginViewController.m; sourceTree = "<group>"; };
		B6ED57F81E83FE6600203E33 /* Message.plist */ = {isa = PBXFileReference; fileEncoding = 4; lastKnownFileType = text.plist.xml; path = Message.plist; sourceTree = "<group>"; };
		B6ED57FA1E84007300203E33 /* Constant.h */ = {isa = PBXFileReference; fileEncoding = 4; lastKnownFileType = sourcecode.c.h; path = Constant.h; sourceTree = "<group>"; };
/* End PBXFileReference section */

/* Begin PBXFrameworksBuildPhase section */
		B66709CF1D503C71009B0A3A /* Frameworks */ = {
			isa = PBXFrameworksBuildPhase;
			buildActionMask = 2147483647;
			files = (
				B685A01A1E99DAC9000B484E /* MessageUI.framework in Frameworks */,
				B6014E191D55B8DE0092F688 /* Security.framework in Frameworks */,
				B6014E171D55B8D40092F688 /* SystemConfiguration.framework in Frameworks */,
				B6014E151D55B8C90092F688 /* CFNetwork.framework in Frameworks */,
				6841F6515BC49C5D900BBD6E /* libPods-Signinout.a in Frameworks */,
			);
			runOnlyForDeploymentPostprocessing = 0;
		};
		B66709EB1D503C71009B0A3A /* Frameworks */ = {
			isa = PBXFrameworksBuildPhase;
			buildActionMask = 2147483647;
			files = (
			);
			runOnlyForDeploymentPostprocessing = 0;
		};
		B66709F61D503C71009B0A3A /* Frameworks */ = {
			isa = PBXFrameworksBuildPhase;
			buildActionMask = 2147483647;
			files = (
			);
			runOnlyForDeploymentPostprocessing = 0;
		};
/* End PBXFrameworksBuildPhase section */

/* Begin PBXGroup section */
		4E9A19C116E35D75DD0D3020 /* Pods */ = {
			isa = PBXGroup;
			children = (
				3FBB80FB409530A6CF5B05DD /* Pods-Signinout.debug.xcconfig */,
				7225D7C502CABEF8068450FD /* Pods-Signinout.release.xcconfig */,
			);
			name = Pods;
			sourceTree = "<group>";
		};
		B5E1545050350994395CF6D5 /* Frameworks */ = {
			isa = PBXGroup;
			children = (
				B685A0191E99DAC9000B484E /* MessageUI.framework */,
				9F86FAA9088E2078D4B70699 /* libPods-Signinout.a */,
			);
			name = Frameworks;
			sourceTree = "<group>";
		};
		B611DD991F0299E100E3A433 /* UICustomActionSheetClasses */ = {
			isa = PBXGroup;
			children = (
				B611DD9A1F029A9400E3A433 /* ILTranslucentView.h */,
				B611DD9B1F029A9400E3A433 /* ILTranslucentView.m */,
				B611DD9C1F029A9400E3A433 /* UICustomActionSheet.h */,
				B611DD9D1F029A9400E3A433 /* UICustomActionSheet.m */,
			);
			name = UICustomActionSheetClasses;
			sourceTree = "<group>";
		};
		B66709C91D503C71009B0A3A = {
			isa = PBXGroup;
			children = (
				B611DD991F0299E100E3A433 /* UICustomActionSheetClasses */,
				B66709D41D503C71009B0A3A /* Signinout */,
				B66709F11D503C71009B0A3A /* SigninoutTests */,
				B66709FC1D503C71009B0A3A /* SigninoutUITests */,
				B66709D31D503C71009B0A3A /* Products */,
				B6014E181D55B8DE0092F688 /* Security.framework */,
				B6014E161D55B8D40092F688 /* SystemConfiguration.framework */,
				B6014E141D55B8C90092F688 /* CFNetwork.framework */,
				4E9A19C116E35D75DD0D3020 /* Pods */,
				B5E1545050350994395CF6D5 /* Frameworks */,
			);
			sourceTree = "<group>";
		};
		B66709D31D503C71009B0A3A /* Products */ = {
			isa = PBXGroup;
			children = (
				B66709D21D503C71009B0A3A /* Signinout.app */,
				B66709EE1D503C71009B0A3A /* SigninoutTests.xctest */,
				B66709F91D503C71009B0A3A /* SigninoutUITests.xctest */,
			);
			name = Products;
			sourceTree = "<group>";
		};
		B66709D41D503C71009B0A3A /* Signinout */ = {
			isa = PBXGroup;
			children = (
				B66709D81D503C71009B0A3A /* AppDelegate.h */,
				B66709D91D503C71009B0A3A /* AppDelegate.m */,
				B66709E61D503C71009B0A3A /* LaunchScreen.storyboard */,
				B66709E11D503C71009B0A3A /* Main.storyboard */,
				B66709E41D503C71009B0A3A /* Assets.xcassets */,
				B66709E91D503C71009B0A3A /* Info.plist */,
				B6ED57F81E83FE6600203E33 /* Message.plist */,
				B66709D51D503C71009B0A3A /* Supporting Files */,
				B6014DEA1D55B3EF0092F688 /* PunchViewController.h */,
				B6014DEB1D55B3EF0092F688 /* PunchViewController.m */,
				B6670A111D50436C009B0A3A /* SetupViewController.h */,
				B6670A121D50436C009B0A3A /* SetupViewController.m */,
				B6014DBA1D5587D20092F688 /* PunchListTableViewCell.h */,
				B6014DBB1D5587D20092F688 /* PunchListTableViewCell.m */,
				B6014DB71D5587080092F688 /* PunchListTableViewController.h */,
				B6014DB81D5587080092F688 /* PunchListTableViewController.m */,
				B6D165A31E80163E00404813 /* SetupTableViewController.h */,
				B6D165A41E80163E00404813 /* SetupTableViewController.m */,
				B6D165A61E81266A00404813 /* PasswordChangeTableViewController.h */,
				B6D165A71E81266A00404813 /* PasswordChangeTableViewController.m */,
				B6EA79CA1DE9736C00F64C9A /* LoginViewController.h */,
				B6EA79CB1DE9736C00F64C9A /* LoginViewController.m */,
				B6B167CB1DE97FCC008212D8 /* LoginAfterUITabBarViewController.h */,
				B6B167CC1DE97FCC008212D8 /* LoginAfterUITabBarViewController.m */,
				B606EE6B1DF39911001EC317 /* PunchNavigationController.h */,
				B606EE6C1DF39911001EC317 /* PunchNavigationController.m */,
				B606EE6E1DF3B831001EC317 /* CALayer+LayerColor.h */,
				B606EE6F1DF3B831001EC317 /* CALayer+LayerColor.m */,
				B6550ED71E0F583E00CEB007 /* EditMonthlyDataViewController.h */,
				B6550ED81E0F583E00CEB007 /* EditMonthlyDataViewController.m */,
				B6550EDD1E0FA68300CEB007 /* WebServiceAPI.h */,
				B6550EDE1E0FA68300CEB007 /* WebServiceAPI.m */,
				B6550EE01E0FAA8500CEB007 /* HttpResponseErrorCode.h */,
				B6550EED1E0FBF0E00CEB007 /* HttpResponseErrorCode.m */,
				B6ED57FA1E84007300203E33 /* Constant.h */,
				B649DDE31F063DE40067E87F /* DateUtils.h */,
				B649DDE41F063DE40067E87F /* DateUtils.m */,
			);
			path = Signinout;
			sourceTree = "<group>";
		};
		B66709D51D503C71009B0A3A /* Supporting Files */ = {
			isa = PBXGroup;
			children = (
				B66709D61D503C71009B0A3A /* main.m */,
			);
			name = "Supporting Files";
			sourceTree = "<group>";
		};
		B66709F11D503C71009B0A3A /* SigninoutTests */ = {
			isa = PBXGroup;
			children = (
				B66709F21D503C71009B0A3A /* SigninoutTests.m */,
				B66709F41D503C71009B0A3A /* Info.plist */,
			);
			path = SigninoutTests;
			sourceTree = "<group>";
		};
		B66709FC1D503C71009B0A3A /* SigninoutUITests */ = {
			isa = PBXGroup;
			children = (
				B66709FD1D503C71009B0A3A /* SigninoutUITests.m */,
				B66709FF1D503C71009B0A3A /* Info.plist */,
			);
			path = SigninoutUITests;
			sourceTree = "<group>";
		};
/* End PBXGroup section */

/* Begin PBXNativeTarget section */
		B66709D11D503C71009B0A3A /* Signinout */ = {
			isa = PBXNativeTarget;
			buildConfigurationList = B6670A021D503C71009B0A3A /* Build configuration list for PBXNativeTarget "Signinout" */;
			buildPhases = (
				A6C64CDF1756D1456C01535E /* [CP] Check Pods Manifest.lock */,
				B66709CE1D503C71009B0A3A /* Sources */,
				B66709CF1D503C71009B0A3A /* Frameworks */,
				B66709D01D503C71009B0A3A /* Resources */,
				BB7D62DE3D6438360ED8D237 /* [CP] Embed Pods Frameworks */,
				7DB6BDCDA9B2B25C7A12C3D7 /* [CP] Copy Pods Resources */,
			);
			buildRules = (
			);
			dependencies = (
			);
			name = Signinout;
			productName = Signinout;
			productReference = B66709D21D503C71009B0A3A /* Signinout.app */;
			productType = "com.apple.product-type.application";
		};
		B66709ED1D503C71009B0A3A /* SigninoutTests */ = {
			isa = PBXNativeTarget;
			buildConfigurationList = B6670A051D503C71009B0A3A /* Build configuration list for PBXNativeTarget "SigninoutTests" */;
			buildPhases = (
				B66709EA1D503C71009B0A3A /* Sources */,
				B66709EB1D503C71009B0A3A /* Frameworks */,
				B66709EC1D503C71009B0A3A /* Resources */,
			);
			buildRules = (
			);
			dependencies = (
				B66709F01D503C71009B0A3A /* PBXTargetDependency */,
			);
			name = SigninoutTests;
			productName = SigninoutTests;
			productReference = B66709EE1D503C71009B0A3A /* SigninoutTests.xctest */;
			productType = "com.apple.product-type.bundle.unit-test";
		};
		B66709F81D503C71009B0A3A /* SigninoutUITests */ = {
			isa = PBXNativeTarget;
			buildConfigurationList = B6670A081D503C71009B0A3A /* Build configuration list for PBXNativeTarget "SigninoutUITests" */;
			buildPhases = (
				B66709F51D503C71009B0A3A /* Sources */,
				B66709F61D503C71009B0A3A /* Frameworks */,
				B66709F71D503C71009B0A3A /* Resources */,
			);
			buildRules = (
			);
			dependencies = (
				B66709FB1D503C71009B0A3A /* PBXTargetDependency */,
			);
			name = SigninoutUITests;
			productName = SigninoutUITests;
			productReference = B66709F91D503C71009B0A3A /* SigninoutUITests.xctest */;
			productType = "com.apple.product-type.bundle.ui-testing";
		};
/* End PBXNativeTarget section */

/* Begin PBXProject section */
		B66709CA1D503C71009B0A3A /* Project object */ = {
			isa = PBXProject;
			attributes = {
				LastUpgradeCheck = 0810;
				ORGANIZATIONNAME = maiasoft;
				TargetAttributes = {
					B66709D11D503C71009B0A3A = {
						CreatedOnToolsVersion = 7.3;
						DevelopmentTeam = 4M7C2SMVHZ;
						ProvisioningStyle = Automatic;
					};
					B66709ED1D503C71009B0A3A = {
						CreatedOnToolsVersion = 7.3;
						TestTargetID = B66709D11D503C71009B0A3A;
					};
					B66709F81D503C71009B0A3A = {
						CreatedOnToolsVersion = 7.3;
						TestTargetID = B66709D11D503C71009B0A3A;
					};
				};
			};
			buildConfigurationList = B66709CD1D503C71009B0A3A /* Build configuration list for PBXProject "Signinout" */;
			compatibilityVersion = "Xcode 3.2";
			developmentRegion = English;
			hasScannedForEncodings = 0;
			knownRegions = (
				en,
				Base,
			);
			mainGroup = B66709C91D503C71009B0A3A;
			productRefGroup = B66709D31D503C71009B0A3A /* Products */;
			projectDirPath = "";
			projectRoot = "";
			targets = (
				B66709D11D503C71009B0A3A /* Signinout */,
				B66709ED1D503C71009B0A3A /* SigninoutTests */,
				B66709F81D503C71009B0A3A /* SigninoutUITests */,
			);
		};
/* End PBXProject section */

/* Begin PBXResourcesBuildPhase section */
		B66709D01D503C71009B0A3A /* Resources */ = {
			isa = PBXResourcesBuildPhase;
			buildActionMask = 2147483647;
			files = (
				B6ED57F91E83FE6600203E33 /* Message.plist in Resources */,
				B66709E81D503C71009B0A3A /* LaunchScreen.storyboard in Resources */,
				B66709E51D503C71009B0A3A /* Assets.xcassets in Resources */,
				B66709E31D503C71009B0A3A /* Main.storyboard in Resources */,
			);
			runOnlyForDeploymentPostprocessing = 0;
		};
		B66709EC1D503C71009B0A3A /* Resources */ = {
			isa = PBXResourcesBuildPhase;
			buildActionMask = 2147483647;
			files = (
			);
			runOnlyForDeploymentPostprocessing = 0;
		};
		B66709F71D503C71009B0A3A /* Resources */ = {
			isa = PBXResourcesBuildPhase;
			buildActionMask = 2147483647;
			files = (
			);
			runOnlyForDeploymentPostprocessing = 0;
		};
/* End PBXResourcesBuildPhase section */

/* Begin PBXShellScriptBuildPhase section */
		7DB6BDCDA9B2B25C7A12C3D7 /* [CP] Copy Pods Resources */ = {
			isa = PBXShellScriptBuildPhase;
			buildActionMask = 2147483647;
			files = (
			);
			inputPaths = (
			);
			name = "[CP] Copy Pods Resources";
			outputPaths = (
			);
			runOnlyForDeploymentPostprocessing = 0;
			shellPath = /bin/sh;
			shellScript = "\"${SRCROOT}/Pods/Target Support Files/Pods-Signinout/Pods-Signinout-resources.sh\"\n";
			showEnvVarsInLog = 0;
		};
		A6C64CDF1756D1456C01535E /* [CP] Check Pods Manifest.lock */ = {
			isa = PBXShellScriptBuildPhase;
			buildActionMask = 2147483647;
			files = (
			);
			inputPaths = (
			);
			name = "[CP] Check Pods Manifest.lock";
			outputPaths = (
			);
			runOnlyForDeploymentPostprocessing = 0;
			shellPath = /bin/sh;
			shellScript = "diff \"${PODS_PODFILE_DIR_PATH}/Podfile.lock\" \"${PODS_ROOT}/Manifest.lock\" > /dev/null\nif [ $? != 0 ] ; then\n    # print error to STDERR\n    echo \"error: The sandbox is not in sync with the Podfile.lock. Run 'pod install' or update your CocoaPods installation.\" >&2\n    exit 1\nfi\n";
			showEnvVarsInLog = 0;
		};
		BB7D62DE3D6438360ED8D237 /* [CP] Embed Pods Frameworks */ = {
			isa = PBXShellScriptBuildPhase;
			buildActionMask = 2147483647;
			files = (
			);
			inputPaths = (
			);
			name = "[CP] Embed Pods Frameworks";
			outputPaths = (
			);
			runOnlyForDeploymentPostprocessing = 0;
			shellPath = /bin/sh;
			shellScript = "\"${SRCROOT}/Pods/Target Support Files/Pods-Signinout/Pods-Signinout-frameworks.sh\"\n";
			showEnvVarsInLog = 0;
		};
/* End PBXShellScriptBuildPhase section */

/* Begin PBXSourcesBuildPhase section */
		B66709CE1D503C71009B0A3A /* Sources */ = {
			isa = PBXSourcesBuildPhase;
			buildActionMask = 2147483647;
			files = (
				B606EE6D1DF39911001EC317 /* PunchNavigationController.m in Sources */,
				B611DD9E1F029A9400E3A433 /* ILTranslucentView.m in Sources */,
				B6550EDF1E0FA68300CEB007 /* WebServiceAPI.m in Sources */,
				B6550EEE1E0FBF0E00CEB007 /* HttpResponseErrorCode.m in Sources */,
				B6014DB91D5587080092F688 /* PunchListTableViewController.m in Sources */,
				B6550ED91E0F583E00CEB007 /* EditMonthlyDataViewController.m in Sources */,
				B649DDE51F063DE40067E87F /* DateUtils.m in Sources */,
				B66709DA1D503C71009B0A3A /* AppDelegate.m in Sources */,
				B611DD9F1F029A9400E3A433 /* UICustomActionSheet.m in Sources */,
				B6D165A81E81266A00404813 /* PasswordChangeTableViewController.m in Sources */,
				B606EE701DF3B831001EC317 /* CALayer+LayerColor.m in Sources */,
				B6D165A51E80163E00404813 /* SetupTableViewController.m in Sources */,
				B6670A131D50436C009B0A3A /* SetupViewController.m in Sources */,
				B6EA79CC1DE9736C00F64C9A /* LoginViewController.m in Sources */,
				B6014DBC1D5587D20092F688 /* PunchListTableViewCell.m in Sources */,
				B6014DEC1D55B3EF0092F688 /* PunchViewController.m in Sources */,
				B6B167CD1DE97FCC008212D8 /* LoginAfterUITabBarViewController.m in Sources */,
				B66709D71D503C71009B0A3A /* main.m in Sources */,
			);
			runOnlyForDeploymentPostprocessing = 0;
		};
		B66709EA1D503C71009B0A3A /* Sources */ = {
			isa = PBXSourcesBuildPhase;
			buildActionMask = 2147483647;
			files = (
				B66709F31D503C71009B0A3A /* SigninoutTests.m in Sources */,
			);
			runOnlyForDeploymentPostprocessing = 0;
		};
		B66709F51D503C71009B0A3A /* Sources */ = {
			isa = PBXSourcesBuildPhase;
			buildActionMask = 2147483647;
			files = (
				B66709FE1D503C71009B0A3A /* SigninoutUITests.m in Sources */,
			);
			runOnlyForDeploymentPostprocessing = 0;
		};
/* End PBXSourcesBuildPhase section */

/* Begin PBXTargetDependency section */
		B66709F01D503C71009B0A3A /* PBXTargetDependency */ = {
			isa = PBXTargetDependency;
			target = B66709D11D503C71009B0A3A /* Signinout */;
			targetProxy = B66709EF1D503C71009B0A3A /* PBXContainerItemProxy */;
		};
		B66709FB1D503C71009B0A3A /* PBXTargetDependency */ = {
			isa = PBXTargetDependency;
			target = B66709D11D503C71009B0A3A /* Signinout */;
			targetProxy = B66709FA1D503C71009B0A3A /* PBXContainerItemProxy */;
		};
/* End PBXTargetDependency section */

/* Begin PBXVariantGroup section */
		B66709E11D503C71009B0A3A /* Main.storyboard */ = {
			isa = PBXVariantGroup;
			children = (
				B66709E21D503C71009B0A3A /* Base */,
				B6B167CE1DE9A931008212D8 /* ja */,
			);
			name = Main.storyboard;
			sourceTree = "<group>";
		};
		B66709E61D503C71009B0A3A /* LaunchScreen.storyboard */ = {
			isa = PBXVariantGroup;
			children = (
				B66709E71D503C71009B0A3A /* Base */,
				B6B167CF1DE9A932008212D8 /* ja */,
			);
			name = LaunchScreen.storyboard;
			sourceTree = "<group>";
		};
/* End PBXVariantGroup section */

/* Begin XCBuildConfiguration section */
		B6670A001D503C71009B0A3A /* Debug */ = {
			isa = XCBuildConfiguration;
			buildSettings = {
				ALWAYS_SEARCH_USER_PATHS = NO;
				CLANG_ANALYZER_LOCALIZABILITY_NONLOCALIZED = YES;
				CLANG_ANALYZER_NONNULL = YES;
				CLANG_CXX_LANGUAGE_STANDARD = "gnu++0x";
				CLANG_CXX_LIBRARY = "libc++";
				CLANG_ENABLE_MODULES = YES;
				CLANG_ENABLE_OBJC_ARC = YES;
				CLANG_WARN_BOOL_CONVERSION = YES;
				CLANG_WARN_CONSTANT_CONVERSION = YES;
				CLANG_WARN_DIRECT_OBJC_ISA_USAGE = YES_ERROR;
				CLANG_WARN_EMPTY_BODY = YES;
				CLANG_WARN_ENUM_CONVERSION = YES;
				CLANG_WARN_INFINITE_RECURSION = YES;
				CLANG_WARN_INT_CONVERSION = YES;
				CLANG_WARN_OBJC_ROOT_CLASS = YES_ERROR;
				CLANG_WARN_SUSPICIOUS_MOVE = YES;
				CLANG_WARN_UNREACHABLE_CODE = YES;
				CLANG_WARN__DUPLICATE_METHOD_MATCH = YES;
				"CODE_SIGN_IDENTITY[sdk=iphoneos*]" = "iPhone Developer";
				COPY_PHASE_STRIP = NO;
				DEBUG_INFORMATION_FORMAT = dwarf;
				ENABLE_STRICT_OBJC_MSGSEND = YES;
				ENABLE_TESTABILITY = YES;
				GCC_C_LANGUAGE_STANDARD = gnu99;
				GCC_DYNAMIC_NO_PIC = NO;
				GCC_NO_COMMON_BLOCKS = YES;
				GCC_OPTIMIZATION_LEVEL = 0;
				GCC_PREPROCESSOR_DEFINITIONS = (
					"DEBUG=1",
					"$(inherited)",
				);
				GCC_WARN_64_TO_32_BIT_CONVERSION = YES;
				GCC_WARN_ABOUT_RETURN_TYPE = YES_ERROR;
				GCC_WARN_UNDECLARED_SELECTOR = YES;
				GCC_WARN_UNINITIALIZED_AUTOS = YES_AGGRESSIVE;
				GCC_WARN_UNUSED_FUNCTION = YES;
				GCC_WARN_UNUSED_VARIABLE = YES;
				IPHONEOS_DEPLOYMENT_TARGET = 9.3;
				MTL_ENABLE_DEBUG_INFO = YES;
				ONLY_ACTIVE_ARCH = YES;
				SDKROOT = iphoneos;
			};
			name = Debug;
		};
		B6670A011D503C71009B0A3A /* Release */ = {
			isa = XCBuildConfiguration;
			buildSettings = {
				ALWAYS_SEARCH_USER_PATHS = NO;
				CLANG_ANALYZER_LOCALIZABILITY_NONLOCALIZED = YES;
				CLANG_ANALYZER_NONNULL = YES;
				CLANG_CXX_LANGUAGE_STANDARD = "gnu++0x";
				CLANG_CXX_LIBRARY = "libc++";
				CLANG_ENABLE_MODULES = YES;
				CLANG_ENABLE_OBJC_ARC = YES;
				CLANG_WARN_BOOL_CONVERSION = YES;
				CLANG_WARN_CONSTANT_CONVERSION = YES;
				CLANG_WARN_DIRECT_OBJC_ISA_USAGE = YES_ERROR;
				CLANG_WARN_EMPTY_BODY = YES;
				CLANG_WARN_ENUM_CONVERSION = YES;
				CLANG_WARN_INFINITE_RECURSION = YES;
				CLANG_WARN_INT_CONVERSION = YES;
				CLANG_WARN_OBJC_ROOT_CLASS = YES_ERROR;
				CLANG_WARN_SUSPICIOUS_MOVE = YES;
				CLANG_WARN_UNREACHABLE_CODE = YES;
				CLANG_WARN__DUPLICATE_METHOD_MATCH = YES;
				"CODE_SIGN_IDENTITY[sdk=iphoneos*]" = "iPhone Developer";
				COPY_PHASE_STRIP = NO;
				DEBUG_INFORMATION_FORMAT = "dwarf-with-dsym";
				ENABLE_NS_ASSERTIONS = NO;
				ENABLE_STRICT_OBJC_MSGSEND = YES;
				GCC_C_LANGUAGE_STANDARD = gnu99;
				GCC_NO_COMMON_BLOCKS = YES;
				GCC_WARN_64_TO_32_BIT_CONVERSION = YES;
				GCC_WARN_ABOUT_RETURN_TYPE = YES_ERROR;
				GCC_WARN_UNDECLARED_SELECTOR = YES;
				GCC_WARN_UNINITIALIZED_AUTOS = YES_AGGRESSIVE;
				GCC_WARN_UNUSED_FUNCTION = YES;
				GCC_WARN_UNUSED_VARIABLE = YES;
				IPHONEOS_DEPLOYMENT_TARGET = 9.3;
				MTL_ENABLE_DEBUG_INFO = NO;
				SDKROOT = iphoneos;
				VALIDATE_PRODUCT = YES;
			};
			name = Release;
		};
		B6670A031D503C71009B0A3A /* Debug */ = {
			isa = XCBuildConfiguration;
			baseConfigurationReference = 3FBB80FB409530A6CF5B05DD /* Pods-Signinout.debug.xcconfig */;
			buildSettings = {
				ASSETCATALOG_COMPILER_APPICON_NAME = AppIcon;
				CLANG_ANALYZER_LOCALIZABILITY_NONLOCALIZED = NO;
				"CODE_SIGN_IDENTITY[sdk=iphoneos*]" = "iPhone Developer";
				DEVELOPMENT_TEAM = 4M7C2SMVHZ;
				GCC_PREFIX_HEADER = "";
				INFOPLIST_FILE = Signinout/Info.plist;
				IPHONEOS_DEPLOYMENT_TARGET = 9.0;
				LD_RUNPATH_SEARCH_PATHS = "$(inherited) @executable_path/Frameworks";
				PRODUCT_BUNDLE_IDENTIFIER = jp.co.maiasoft.Signinout.V2;
				PRODUCT_NAME = "$(TARGET_NAME)";
				PROVISIONING_PROFILE = "";
				PROVISIONING_PROFILE_SPECIFIER = "";
				TARGETED_DEVICE_FAMILY = 1;
			};
			name = Debug;
		};
		B6670A041D503C71009B0A3A /* Release */ = {
			isa = XCBuildConfiguration;
			baseConfigurationReference = 7225D7C502CABEF8068450FD /* Pods-Signinout.release.xcconfig */;
			buildSettings = {
				ASSETCATALOG_COMPILER_APPICON_NAME = AppIcon;
				CLANG_ANALYZER_LOCALIZABILITY_NONLOCALIZED = NO;
				"CODE_SIGN_IDENTITY[sdk=iphoneos*]" = "iPhone Developer";
				DEVELOPMENT_TEAM = 4M7C2SMVHZ;
				GCC_PREFIX_HEADER = "";
				INFOPLIST_FILE = Signinout/Info.plist;
				IPHONEOS_DEPLOYMENT_TARGET = 9.0;
				LD_RUNPATH_SEARCH_PATHS = "$(inherited) @executable_path/Frameworks";
				PRODUCT_BUNDLE_IDENTIFIER = jp.co.maiasoft.Signinout.V2;
				PRODUCT_NAME = "$(TARGET_NAME)";
				PROVISIONING_PROFILE = "";
				PROVISIONING_PROFILE_SPECIFIER = "";
				TARGETED_DEVICE_FAMILY = 1;
			};
			name = Release;
		};
		B6670A061D503C71009B0A3A /* Debug */ = {
			isa = XCBuildConfiguration;
			buildSettings = {
				BUNDLE_LOADER = "$(TEST_HOST)";
				INFOPLIST_FILE = SigninoutTests/Info.plist;
				LD_RUNPATH_SEARCH_PATHS = "$(inherited) @executable_path/Frameworks @loader_path/Frameworks";
				PRODUCT_BUNDLE_IDENTIFIER = jp.co.maiasoft.SigninoutTests;
				PRODUCT_NAME = "$(TARGET_NAME)";
				TEST_HOST = "$(BUILT_PRODUCTS_DIR)/Signinout.app/Signinout";
			};
			name = Debug;
		};
		B6670A071D503C71009B0A3A /* Release */ = {
			isa = XCBuildConfiguration;
			buildSettings = {
				BUNDLE_LOADER = "$(TEST_HOST)";
				INFOPLIST_FILE = SigninoutTests/Info.plist;
				LD_RUNPATH_SEARCH_PATHS = "$(inherited) @executable_path/Frameworks @loader_path/Frameworks";
				PRODUCT_BUNDLE_IDENTIFIER = jp.co.maiasoft.SigninoutTests;
				PRODUCT_NAME = "$(TARGET_NAME)";
				TEST_HOST = "$(BUILT_PRODUCTS_DIR)/Signinout.app/Signinout";
			};
			name = Release;
		};
		B6670A091D503C71009B0A3A /* Debug */ = {
			isa = XCBuildConfiguration;
			buildSettings = {
				INFOPLIST_FILE = SigninoutUITests/Info.plist;
				LD_RUNPATH_SEARCH_PATHS = "$(inherited) @executable_path/Frameworks @loader_path/Frameworks";
				PRODUCT_BUNDLE_IDENTIFIER = jp.co.maiasoft.SigninoutUITests;
				PRODUCT_NAME = "$(TARGET_NAME)";
				TEST_TARGET_NAME = Signinout;
			};
			name = Debug;
		};
		B6670A0A1D503C71009B0A3A /* Release */ = {
			isa = XCBuildConfiguration;
			buildSettings = {
				INFOPLIST_FILE = SigninoutUITests/Info.plist;
				LD_RUNPATH_SEARCH_PATHS = "$(inherited) @executable_path/Frameworks @loader_path/Frameworks";
				PRODUCT_BUNDLE_IDENTIFIER = jp.co.maiasoft.SigninoutUITests;
				PRODUCT_NAME = "$(TARGET_NAME)";
				TEST_TARGET_NAME = Signinout;
			};
			name = Release;
		};
/* End XCBuildConfiguration section */

/* Begin XCConfigurationList section */
		B66709CD1D503C71009B0A3A /* Build configuration list for PBXProject "Signinout" */ = {
			isa = XCConfigurationList;
			buildConfigurations = (
				B6670A001D503C71009B0A3A /* Debug */,
				B6670A011D503C71009B0A3A /* Release */,
			);
			defaultConfigurationIsVisible = 0;
			defaultConfigurationName = Release;
		};
		B6670A021D503C71009B0A3A /* Build configuration list for PBXNativeTarget "Signinout" */ = {
			isa = XCConfigurationList;
			buildConfigurations = (
				B6670A031D503C71009B0A3A /* Debug */,
				B6670A041D503C71009B0A3A /* Release */,
			);
			defaultConfigurationIsVisible = 0;
			defaultConfigurationName = Release;
		};
		B6670A051D503C71009B0A3A /* Build configuration list for PBXNativeTarget "SigninoutTests" */ = {
			isa = XCConfigurationList;
			buildConfigurations = (
				B6670A061D503C71009B0A3A /* Debug */,
				B6670A071D503C71009B0A3A /* Release */,
			);
			defaultConfigurationIsVisible = 0;
			defaultConfigurationName = Release;
		};
		B6670A081D503C71009B0A3A /* Build configuration list for PBXNativeTarget "SigninoutUITests" */ = {
			isa = XCConfigurationList;
			buildConfigurations = (
				B6670A091D503C71009B0A3A /* Debug */,
				B6670A0A1D503C71009B0A3A /* Release */,
			);
			defaultConfigurationIsVisible = 0;
			defaultConfigurationName = Release;
		};
/* End XCConfigurationList section */
	};
	rootObject = B66709CA1D503C71009B0A3A /* Project object */;
}
