// !$*UTF8*$!
{
	archiveVersion = 1;
	classes = {
	};
	objectVersion = 46;
	objects = {

/* Begin PBXBuildFile section */
		B6014DB91D5587080092F688 /* PunchListTableViewController.m in Sources */ = {isa = PBXBuildFile; fileRef = B6014DB81D5587080092F688 /* PunchListTableViewController.m */; };
		B6014DBC1D5587D20092F688 /* PunchListTableViewCell.m in Sources */ = {isa = PBXBuildFile; fileRef = B6014DBB1D5587D20092F688 /* PunchListTableViewCell.m */; };
		B6014DEC1D55B3EF0092F688 /* PunchViewController.m in Sources */ = {isa = PBXBuildFile; fileRef = B6014DEB1D55B3EF0092F688 /* PunchViewController.m */; };
		B6014E151D55B8C90092F688 /* CFNetwork.framework in Frameworks */ = {isa = PBXBuildFile; fileRef = B6014E141D55B8C90092F688 /* CFNetwork.framework */; };
		B6014E171D55B8D40092F688 /* SystemConfiguration.framework in Frameworks */ = {isa = PBXBuildFile; fileRef = B6014E161D55B8D40092F688 /* SystemConfiguration.framework */; };
		B6014E191D55B8DE0092F688 /* Security.framework in Frameworks */ = {isa = PBXBuildFile; fileRef = B6014E181D55B8DE0092F688 /* Security.framework */; };
		B6014EBC1D560EBD0092F688 /* NSAlert+MKNetworkKitAdditions.m in Sources */ = {isa = PBXBuildFile; fileRef = B6014EA71D560EBD0092F688 /* NSAlert+MKNetworkKitAdditions.m */; };
		B6014EBD1D560EBD0092F688 /* NSData+MKBase64.m in Sources */ = {isa = PBXBuildFile; fileRef = B6014EA91D560EBD0092F688 /* NSData+MKBase64.m */; };
		B6014EBE1D560EBD0092F688 /* NSDate+RFC1123.m in Sources */ = {isa = PBXBuildFile; fileRef = B6014EAB1D560EBD0092F688 /* NSDate+RFC1123.m */; };
		B6014EBF1D560EBD0092F688 /* NSDictionary+RequestEncoding.m in Sources */ = {isa = PBXBuildFile; fileRef = B6014EAD1D560EBD0092F688 /* NSDictionary+RequestEncoding.m */; };
		B6014EC01D560EBD0092F688 /* NSString+MKNetworkKitAdditions.m in Sources */ = {isa = PBXBuildFile; fileRef = B6014EAF1D560EBD0092F688 /* NSString+MKNetworkKitAdditions.m */; };
		B6014EC11D560EBD0092F688 /* UIAlertView+MKNetworkKitAdditions.m in Sources */ = {isa = PBXBuildFile; fileRef = B6014EB11D560EBD0092F688 /* UIAlertView+MKNetworkKitAdditions.m */; };
		B6014EC21D560EBD0092F688 /* UIImageView+MKNetworkKitAdditions.m in Sources */ = {isa = PBXBuildFile; fileRef = B6014EB31D560EBD0092F688 /* UIImageView+MKNetworkKitAdditions.m */; };
		B6014EC31D560EBD0092F688 /* MKNetworkEngine.m in Sources */ = {isa = PBXBuildFile; fileRef = B6014EB51D560EBD0092F688 /* MKNetworkEngine.m */; };
		B6014EC41D560EBD0092F688 /* MKNetworkOperation.m in Sources */ = {isa = PBXBuildFile; fileRef = B6014EB81D560EBD0092F688 /* MKNetworkOperation.m */; };
		B6014EC51D560EBD0092F688 /* Reachability.m in Sources */ = {isa = PBXBuildFile; fileRef = B6014EBB1D560EBD0092F688 /* Reachability.m */; };
		B66709D71D503C71009B0A3A /* main.m in Sources */ = {isa = PBXBuildFile; fileRef = B66709D61D503C71009B0A3A /* main.m */; };
		B66709DA1D503C71009B0A3A /* AppDelegate.m in Sources */ = {isa = PBXBuildFile; fileRef = B66709D91D503C71009B0A3A /* AppDelegate.m */; };
		B66709E31D503C71009B0A3A /* Main.storyboard in Resources */ = {isa = PBXBuildFile; fileRef = B66709E11D503C71009B0A3A /* Main.storyboard */; };
		B66709E51D503C71009B0A3A /* Assets.xcassets in Resources */ = {isa = PBXBuildFile; fileRef = B66709E41D503C71009B0A3A /* Assets.xcassets */; };
		B66709E81D503C71009B0A3A /* LaunchScreen.storyboard in Resources */ = {isa = PBXBuildFile; fileRef = B66709E61D503C71009B0A3A /* LaunchScreen.storyboard */; };
		B66709F31D503C71009B0A3A /* SigninoutTests.m in Sources */ = {isa = PBXBuildFile; fileRef = B66709F21D503C71009B0A3A /* SigninoutTests.m */; };
		B66709FE1D503C71009B0A3A /* SigninoutUITests.m in Sources */ = {isa = PBXBuildFile; fileRef = B66709FD1D503C71009B0A3A /* SigninoutUITests.m */; };
		B6670A131D50436C009B0A3A /* SetupViewController.m in Sources */ = {isa = PBXBuildFile; fileRef = B6670A121D50436C009B0A3A /* SetupViewController.m */; };
		B6B167CD1DE97FCC008212D8 /* LoginAfterUITabBarViewController.m in Sources */ = {isa = PBXBuildFile; fileRef = B6B167CC1DE97FCC008212D8 /* LoginAfterUITabBarViewController.m */; };
		B6EA79CC1DE9736C00F64C9A /* LoginViewController.m in Sources */ = {isa = PBXBuildFile; fileRef = B6EA79CB1DE9736C00F64C9A /* LoginViewController.m */; };
/* End PBXBuildFile section */

/* Begin PBXContainerItemProxy section */
		B66709EF1D503C71009B0A3A /* PBXContainerItemProxy */ = {
			isa = PBXContainerItemProxy;
			containerPortal = B66709CA1D503C71009B0A3A /* Project object */;
			proxyType = 1;
			remoteGlobalIDString = B66709D11D503C71009B0A3A;
			remoteInfo = Signinout;
		};
		B66709FA1D503C71009B0A3A /* PBXContainerItemProxy */ = {
			isa = PBXContainerItemProxy;
			containerPortal = B66709CA1D503C71009B0A3A /* Project object */;
			proxyType = 1;
			remoteGlobalIDString = B66709D11D503C71009B0A3A;
			remoteInfo = Signinout;
		};
/* End PBXContainerItemProxy section */

/* Begin PBXFileReference section */
		B6014DB71D5587080092F688 /* PunchListTableViewController.h */ = {isa = PBXFileReference; fileEncoding = 4; lastKnownFileType = sourcecode.c.h; path = PunchListTableViewController.h; sourceTree = "<group>"; };
		B6014DB81D5587080092F688 /* PunchListTableViewController.m */ = {isa = PBXFileReference; fileEncoding = 4; lastKnownFileType = sourcecode.c.objc; path = PunchListTableViewController.m; sourceTree = "<group>"; };
		B6014DBA1D5587D20092F688 /* PunchListTableViewCell.h */ = {isa = PBXFileReference; fileEncoding = 4; lastKnownFileType = sourcecode.c.h; path = PunchListTableViewCell.h; sourceTree = "<group>"; };
		B6014DBB1D5587D20092F688 /* PunchListTableViewCell.m */ = {isa = PBXFileReference; fileEncoding = 4; lastKnownFileType = sourcecode.c.objc; path = PunchListTableViewCell.m; sourceTree = "<group>"; };
		B6014DEA1D55B3EF0092F688 /* PunchViewController.h */ = {isa = PBXFileReference; fileEncoding = 4; lastKnownFileType = sourcecode.c.h; path = PunchViewController.h; sourceTree = "<group>"; };
		B6014DEB1D55B3EF0092F688 /* PunchViewController.m */ = {isa = PBXFileReference; fileEncoding = 4; lastKnownFileType = sourcecode.c.objc; path = PunchViewController.m; sourceTree = "<group>"; };
		B6014E141D55B8C90092F688 /* CFNetwork.framework */ = {isa = PBXFileReference; lastKnownFileType = wrapper.framework; name = CFNetwork.framework; path = System/Library/Frameworks/CFNetwork.framework; sourceTree = SDKROOT; };
		B6014E161D55B8D40092F688 /* SystemConfiguration.framework */ = {isa = PBXFileReference; lastKnownFileType = wrapper.framework; name = SystemConfiguration.framework; path = System/Library/Frameworks/SystemConfiguration.framework; sourceTree = SDKROOT; };
		B6014E181D55B8DE0092F688 /* Security.framework */ = {isa = PBXFileReference; lastKnownFileType = wrapper.framework; name = Security.framework; path = System/Library/Frameworks/Security.framework; sourceTree = SDKROOT; };
		B6014EA31D55ED0D0092F688 /* PrefixHeader.pch */ = {isa = PBXFileReference; fileEncoding = 4; lastKnownFileType = sourcecode.c.h; path = PrefixHeader.pch; sourceTree = "<group>"; };
		B6014EA61D560EBD0092F688 /* NSAlert+MKNetworkKitAdditions.h */ = {isa = PBXFileReference; fileEncoding = 4; lastKnownFileType = sourcecode.c.h; path = "NSAlert+MKNetworkKitAdditions.h"; sourceTree = "<group>"; };
		B6014EA71D560EBD0092F688 /* NSAlert+MKNetworkKitAdditions.m */ = {isa = PBXFileReference; fileEncoding = 4; lastKnownFileType = sourcecode.c.objc; path = "NSAlert+MKNetworkKitAdditions.m"; sourceTree = "<group>"; };
		B6014EA81D560EBD0092F688 /* NSData+MKBase64.h */ = {isa = PBXFileReference; fileEncoding = 4; lastKnownFileType = sourcecode.c.h; path = "NSData+MKBase64.h"; sourceTree = "<group>"; };
		B6014EA91D560EBD0092F688 /* NSData+MKBase64.m */ = {isa = PBXFileReference; fileEncoding = 4; lastKnownFileType = sourcecode.c.objc; path = "NSData+MKBase64.m"; sourceTree = "<group>"; };
		B6014EAA1D560EBD0092F688 /* NSDate+RFC1123.h */ = {isa = PBXFileReference; fileEncoding = 4; lastKnownFileType = sourcecode.c.h; path = "NSDate+RFC1123.h"; sourceTree = "<group>"; };
		B6014EAB1D560EBD0092F688 /* NSDate+RFC1123.m */ = {isa = PBXFileReference; fileEncoding = 4; lastKnownFileType = sourcecode.c.objc; path = "NSDate+RFC1123.m"; sourceTree = "<group>"; };
		B6014EAC1D560EBD0092F688 /* NSDictionary+RequestEncoding.h */ = {isa = PBXFileReference; fileEncoding = 4; lastKnownFileType = sourcecode.c.h; path = "NSDictionary+RequestEncoding.h"; sourceTree = "<group>"; };
		B6014EAD1D560EBD0092F688 /* NSDictionary+RequestEncoding.m */ = {isa = PBXFileReference; fileEncoding = 4; lastKnownFileType = sourcecode.c.objc; path = "NSDictionary+RequestEncoding.m"; sourceTree = "<group>"; };
		B6014EAE1D560EBD0092F688 /* NSString+MKNetworkKitAdditions.h */ = {isa = PBXFileReference; fileEncoding = 4; lastKnownFileType = sourcecode.c.h; path = "NSString+MKNetworkKitAdditions.h"; sourceTree = "<group>"; };
		B6014EAF1D560EBD0092F688 /* NSString+MKNetworkKitAdditions.m */ = {isa = PBXFileReference; fileEncoding = 4; lastKnownFileType = sourcecode.c.objc; path = "NSString+MKNetworkKitAdditions.m"; sourceTree = "<group>"; };
		B6014EB01D560EBD0092F688 /* UIAlertView+MKNetworkKitAdditions.h */ = {isa = PBXFileReference; fileEncoding = 4; lastKnownFileType = sourcecode.c.h; path = "UIAlertView+MKNetworkKitAdditions.h"; sourceTree = "<group>"; };
		B6014EB11D560EBD0092F688 /* UIAlertView+MKNetworkKitAdditions.m */ = {isa = PBXFileReference; fileEncoding = 4; lastKnownFileType = sourcecode.c.objc; path = "UIAlertView+MKNetworkKitAdditions.m"; sourceTree = "<group>"; };
		B6014EB21D560EBD0092F688 /* UIImageView+MKNetworkKitAdditions.h */ = {isa = PBXFileReference; fileEncoding = 4; lastKnownFileType = sourcecode.c.h; path = "UIImageView+MKNetworkKitAdditions.h"; sourceTree = "<group>"; };
		B6014EB31D560EBD0092F688 /* UIImageView+MKNetworkKitAdditions.m */ = {isa = PBXFileReference; fileEncoding = 4; lastKnownFileType = sourcecode.c.objc; path = "UIImageView+MKNetworkKitAdditions.m"; sourceTree = "<group>"; };
		B6014EB41D560EBD0092F688 /* MKNetworkEngine.h */ = {isa = PBXFileReference; fileEncoding = 4; lastKnownFileType = sourcecode.c.h; path = MKNetworkEngine.h; sourceTree = "<group>"; };
		B6014EB51D560EBD0092F688 /* MKNetworkEngine.m */ = {isa = PBXFileReference; fileEncoding = 4; lastKnownFileType = sourcecode.c.objc; path = MKNetworkEngine.m; sourceTree = "<group>"; };
		B6014EB61D560EBD0092F688 /* MKNetworkKit.h */ = {isa = PBXFileReference; fileEncoding = 4; lastKnownFileType = sourcecode.c.h; path = MKNetworkKit.h; sourceTree = "<group>"; };
		B6014EB71D560EBD0092F688 /* MKNetworkOperation.h */ = {isa = PBXFileReference; fileEncoding = 4; lastKnownFileType = sourcecode.c.h; path = MKNetworkOperation.h; sourceTree = "<group>"; };
		B6014EB81D560EBD0092F688 /* MKNetworkOperation.m */ = {isa = PBXFileReference; fileEncoding = 4; lastKnownFileType = sourcecode.c.objc; path = MKNetworkOperation.m; sourceTree = "<group>"; };
		B6014EBA1D560EBD0092F688 /* Reachability.h */ = {isa = PBXFileReference; fileEncoding = 4; lastKnownFileType = sourcecode.c.h; path = Reachability.h; sourceTree = "<group>"; };
		B6014EBB1D560EBD0092F688 /* Reachability.m */ = {isa = PBXFileReference; fileEncoding = 4; lastKnownFileType = sourcecode.c.objc; path = Reachability.m; sourceTree = "<group>"; };
		B66709D21D503C71009B0A3A /* Signinout.app */ = {isa = PBXFileReference; explicitFileType = wrapper.application; includeInIndex = 0; path = Signinout.app; sourceTree = BUILT_PRODUCTS_DIR; };
		B66709D61D503C71009B0A3A /* main.m */ = {isa = PBXFileReference; lastKnownFileType = sourcecode.c.objc; path = main.m; sourceTree = "<group>"; };
		B66709D81D503C71009B0A3A /* AppDelegate.h */ = {isa = PBXFileReference; lastKnownFileType = sourcecode.c.h; path = AppDelegate.h; sourceTree = "<group>"; };
		B66709D91D503C71009B0A3A /* AppDelegate.m */ = {isa = PBXFileReference; lastKnownFileType = sourcecode.c.objc; path = AppDelegate.m; sourceTree = "<group>"; };
		B66709E21D503C71009B0A3A /* Base */ = {isa = PBXFileReference; lastKnownFileType = file.storyboard; name = Base; path = Base.lproj/Main.storyboard; sourceTree = "<group>"; };
		B66709E41D503C71009B0A3A /* Assets.xcassets */ = {isa = PBXFileReference; lastKnownFileType = folder.assetcatalog; path = Assets.xcassets; sourceTree = "<group>"; };
		B66709E71D503C71009B0A3A /* Base */ = {isa = PBXFileReference; lastKnownFileType = file.storyboard; name = Base; path = Base.lproj/LaunchScreen.storyboard; sourceTree = "<group>"; };
		B66709E91D503C71009B0A3A /* Info.plist */ = {isa = PBXFileReference; lastKnownFileType = text.plist.xml; path = Info.plist; sourceTree = "<group>"; };
		B66709EE1D503C71009B0A3A /* SigninoutTests.xctest */ = {isa = PBXFileReference; explicitFileType = wrapper.cfbundle; includeInIndex = 0; path = SigninoutTests.xctest; sourceTree = BUILT_PRODUCTS_DIR; };
		B66709F21D503C71009B0A3A /* SigninoutTests.m */ = {isa = PBXFileReference; lastKnownFileType = sourcecode.c.objc; path = SigninoutTests.m; sourceTree = "<group>"; };
		B66709F41D503C71009B0A3A /* Info.plist */ = {isa = PBXFileReference; lastKnownFileType = text.plist.xml; path = Info.plist; sourceTree = "<group>"; };
		B66709F91D503C71009B0A3A /* SigninoutUITests.xctest */ = {isa = PBXFileReference; explicitFileType = wrapper.cfbundle; includeInIndex = 0; path = SigninoutUITests.xctest; sourceTree = BUILT_PRODUCTS_DIR; };
		B66709FD1D503C71009B0A3A /* SigninoutUITests.m */ = {isa = PBXFileReference; lastKnownFileType = sourcecode.c.objc; path = SigninoutUITests.m; sourceTree = "<group>"; };
		B66709FF1D503C71009B0A3A /* Info.plist */ = {isa = PBXFileReference; lastKnownFileType = text.plist.xml; path = Info.plist; sourceTree = "<group>"; };
		B6670A111D50436C009B0A3A /* SetupViewController.h */ = {isa = PBXFileReference; fileEncoding = 4; lastKnownFileType = sourcecode.c.h; path = SetupViewController.h; sourceTree = "<group>"; };
		B6670A121D50436C009B0A3A /* SetupViewController.m */ = {isa = PBXFileReference; fileEncoding = 4; lastKnownFileType = sourcecode.c.objc; path = SetupViewController.m; sourceTree = "<group>"; };
		B6B167CB1DE97FCC008212D8 /* LoginAfterUITabBarViewController.h */ = {isa = PBXFileReference; fileEncoding = 4; lastKnownFileType = sourcecode.c.h; path = LoginAfterUITabBarViewController.h; sourceTree = "<group>"; };
		B6B167CC1DE97FCC008212D8 /* LoginAfterUITabBarViewController.m */ = {isa = PBXFileReference; fileEncoding = 4; lastKnownFileType = sourcecode.c.objc; path = LoginAfterUITabBarViewController.m; sourceTree = "<group>"; };
		B6EA79CA1DE9736C00F64C9A /* LoginViewController.h */ = {isa = PBXFileReference; fileEncoding = 4; lastKnownFileType = sourcecode.c.h; path = LoginViewController.h; sourceTree = "<group>"; };
		B6EA79CB1DE9736C00F64C9A /* LoginViewController.m */ = {isa = PBXFileReference; fileEncoding = 4; lastKnownFileType = sourcecode.c.objc; path = LoginViewController.m; sourceTree = "<group>"; };
/* End PBXFileReference section */

/* Begin PBXFrameworksBuildPhase section */
		B66709CF1D503C71009B0A3A /* Frameworks */ = {
			isa = PBXFrameworksBuildPhase;
			buildActionMask = 2147483647;
			files = (
				B6014E191D55B8DE0092F688 /* Security.framework in Frameworks */,
				B6014E171D55B8D40092F688 /* SystemConfiguration.framework in Frameworks */,
				B6014E151D55B8C90092F688 /* CFNetwork.framework in Frameworks */,
			);
			runOnlyForDeploymentPostprocessing = 0;
		};
		B66709EB1D503C71009B0A3A /* Frameworks */ = {
			isa = PBXFrameworksBuildPhase;
			buildActionMask = 2147483647;
			files = (
			);
			runOnlyForDeploymentPostprocessing = 0;
		};
		B66709F61D503C71009B0A3A /* Frameworks */ = {
			isa = PBXFrameworksBuildPhase;
			buildActionMask = 2147483647;
			files = (
			);
			runOnlyForDeploymentPostprocessing = 0;
		};
/* End PBXFrameworksBuildPhase section */

/* Begin PBXGroup section */
		B6014EA41D560EBD0092F688 /* MKNetworkKit */ = {
			isa = PBXGroup;
			children = (
				B6014EA51D560EBD0092F688 /* Categories */,
				B6014EB41D560EBD0092F688 /* MKNetworkEngine.h */,
				B6014EB51D560EBD0092F688 /* MKNetworkEngine.m */,
				B6014EB61D560EBD0092F688 /* MKNetworkKit.h */,
				B6014EB71D560EBD0092F688 /* MKNetworkOperation.h */,
				B6014EB81D560EBD0092F688 /* MKNetworkOperation.m */,
				B6014EB91D560EBD0092F688 /* Reachability */,
			);
			path = MKNetworkKit;
			sourceTree = "<group>";
		};
		B6014EA51D560EBD0092F688 /* Categories */ = {
			isa = PBXGroup;
			children = (
				B6014EA61D560EBD0092F688 /* NSAlert+MKNetworkKitAdditions.h */,
				B6014EA71D560EBD0092F688 /* NSAlert+MKNetworkKitAdditions.m */,
				B6014EA81D560EBD0092F688 /* NSData+MKBase64.h */,
				B6014EA91D560EBD0092F688 /* NSData+MKBase64.m */,
				B6014EAA1D560EBD0092F688 /* NSDate+RFC1123.h */,
				B6014EAB1D560EBD0092F688 /* NSDate+RFC1123.m */,
				B6014EAC1D560EBD0092F688 /* NSDictionary+RequestEncoding.h */,
				B6014EAD1D560EBD0092F688 /* NSDictionary+RequestEncoding.m */,
				B6014EAE1D560EBD0092F688 /* NSString+MKNetworkKitAdditions.h */,
				B6014EAF1D560EBD0092F688 /* NSString+MKNetworkKitAdditions.m */,
				B6014EB01D560EBD0092F688 /* UIAlertView+MKNetworkKitAdditions.h */,
				B6014EB11D560EBD0092F688 /* UIAlertView+MKNetworkKitAdditions.m */,
				B6014EB21D560EBD0092F688 /* UIImageView+MKNetworkKitAdditions.h */,
				B6014EB31D560EBD0092F688 /* UIImageView+MKNetworkKitAdditions.m */,
			);
			path = Categories;
			sourceTree = "<group>";
		};
		B6014EB91D560EBD0092F688 /* Reachability */ = {
			isa = PBXGroup;
			children = (
				B6014EBA1D560EBD0092F688 /* Reachability.h */,
				B6014EBB1D560EBD0092F688 /* Reachability.m */,
			);
			path = Reachability;
			sourceTree = "<group>";
		};
		B66709C91D503C71009B0A3A = {
			isa = PBXGroup;
			children = (
				B6014EA41D560EBD0092F688 /* MKNetworkKit */,
				B66709D41D503C71009B0A3A /* Signinout */,
				B66709F11D503C71009B0A3A /* SigninoutTests */,
				B66709FC1D503C71009B0A3A /* SigninoutUITests */,
				B66709D31D503C71009B0A3A /* Products */,
				B6014E181D55B8DE0092F688 /* Security.framework */,
				B6014E161D55B8D40092F688 /* SystemConfiguration.framework */,
				B6014E141D55B8C90092F688 /* CFNetwork.framework */,
			);
			sourceTree = "<group>";
		};
		B66709D31D503C71009B0A3A /* Products */ = {
			isa = PBXGroup;
			children = (
				B66709D21D503C71009B0A3A /* Signinout.app */,
				B66709EE1D503C71009B0A3A /* SigninoutTests.xctest */,
				B66709F91D503C71009B0A3A /* SigninoutUITests.xctest */,
			);
			name = Products;
			sourceTree = "<group>";
		};
		B66709D41D503C71009B0A3A /* Signinout */ = {
			isa = PBXGroup;
			children = (
				B6014EA31D55ED0D0092F688 /* PrefixHeader.pch */,
				B66709D81D503C71009B0A3A /* AppDelegate.h */,
				B66709D91D503C71009B0A3A /* AppDelegate.m */,
				B66709E11D503C71009B0A3A /* Main.storyboard */,
				B66709E41D503C71009B0A3A /* Assets.xcassets */,
				B66709E61D503C71009B0A3A /* LaunchScreen.storyboard */,
				B66709E91D503C71009B0A3A /* Info.plist */,
				B66709D51D503C71009B0A3A /* Supporting Files */,
				B6014DEA1D55B3EF0092F688 /* PunchViewController.h */,
				B6014DEB1D55B3EF0092F688 /* PunchViewController.m */,
				B6670A111D50436C009B0A3A /* SetupViewController.h */,
				B6670A121D50436C009B0A3A /* SetupViewController.m */,
				B6014DBA1D5587D20092F688 /* PunchListTableViewCell.h */,
				B6014DBB1D5587D20092F688 /* PunchListTableViewCell.m */,
				B6014DB71D5587080092F688 /* PunchListTableViewController.h */,
				B6014DB81D5587080092F688 /* PunchListTableViewController.m */,
				B6EA79CA1DE9736C00F64C9A /* LoginViewController.h */,
				B6EA79CB1DE9736C00F64C9A /* LoginViewController.m */,
				B6B167CB1DE97FCC008212D8 /* LoginAfterUITabBarViewController.h */,
				B6B167CC1DE97FCC008212D8 /* LoginAfterUITabBarViewController.m */,
			);
			path = Signinout;
			sourceTree = "<group>";
		};
		B66709D51D503C71009B0A3A /* Supporting Files */ = {
			isa = PBXGroup;
			children = (
				B66709D61D503C71009B0A3A /* main.m */,
			);
			name = "Supporting Files";
			sourceTree = "<group>";
		};
		B66709F11D503C71009B0A3A /* SigninoutTests */ = {
			isa = PBXGroup;
			children = (
				B66709F21D503C71009B0A3A /* SigninoutTests.m */,
				B66709F41D503C71009B0A3A /* Info.plist */,
			);
			path = SigninoutTests;
			sourceTree = "<group>";
		};
		B66709FC1D503C71009B0A3A /* SigninoutUITests */ = {
			isa = PBXGroup;
			children = (
				B66709FD1D503C71009B0A3A /* SigninoutUITests.m */,
				B66709FF1D503C71009B0A3A /* Info.plist */,
			);
			path = SigninoutUITests;
			sourceTree = "<group>";
		};
/* End PBXGroup section */

/* Begin PBXNativeTarget section */
		B66709D11D503C71009B0A3A /* Signinout */ = {
			isa = PBXNativeTarget;
			buildConfigurationList = B6670A021D503C71009B0A3A /* Build configuration list for PBXNativeTarget "Signinout" */;
			buildPhases = (
				B66709CE1D503C71009B0A3A /* Sources */,
				B66709CF1D503C71009B0A3A /* Frameworks */,
				B66709D01D503C71009B0A3A /* Resources */,
			);
			buildRules = (
			);
			dependencies = (
			);
			name = Signinout;
			productName = Signinout;
			productReference = B66709D21D503C71009B0A3A /* Signinout.app */;
			productType = "com.apple.product-type.application";
		};
		B66709ED1D503C71009B0A3A /* SigninoutTests */ = {
			isa = PBXNativeTarget;
			buildConfigurationList = B6670A051D503C71009B0A3A /* Build configuration list for PBXNativeTarget "SigninoutTests" */;
			buildPhases = (
				B66709EA1D503C71009B0A3A /* Sources */,
				B66709EB1D503C71009B0A3A /* Frameworks */,
				B66709EC1D503C71009B0A3A /* Resources */,
			);
			buildRules = (
			);
			dependencies = (
				B66709F01D503C71009B0A3A /* PBXTargetDependency */,
			);
			name = SigninoutTests;
			productName = SigninoutTests;
			productReference = B66709EE1D503C71009B0A3A /* SigninoutTests.xctest */;
			productType = "com.apple.product-type.bundle.unit-test";
		};
		B66709F81D503C71009B0A3A /* SigninoutUITests */ = {
			isa = PBXNativeTarget;
			buildConfigurationList = B6670A081D503C71009B0A3A /* Build configuration list for PBXNativeTarget "SigninoutUITests" */;
			buildPhases = (
				B66709F51D503C71009B0A3A /* Sources */,
				B66709F61D503C71009B0A3A /* Frameworks */,
				B66709F71D503C71009B0A3A /* Resources */,
			);
			buildRules = (
			);
			dependencies = (
				B66709FB1D503C71009B0A3A /* PBXTargetDependency */,
			);
			name = SigninoutUITests;
			productName = SigninoutUITests;
			productReference = B66709F91D503C71009B0A3A /* SigninoutUITests.xctest */;
			productType = "com.apple.product-type.bundle.ui-testing";
		};
/* End PBXNativeTarget section */

/* Begin PBXProject section */
		B66709CA1D503C71009B0A3A /* Project object */ = {
			isa = PBXProject;
			attributes = {
				LastUpgradeCheck = 0810;
				ORGANIZATIONNAME = maiasoft;
				TargetAttributes = {
					B66709D11D503C71009B0A3A = {
						CreatedOnToolsVersion = 7.3;
					};
					B66709ED1D503C71009B0A3A = {
						CreatedOnToolsVersion = 7.3;
						TestTargetID = B66709D11D503C71009B0A3A;
					};
					B66709F81D503C71009B0A3A = {
						CreatedOnToolsVersion = 7.3;
						TestTargetID = B66709D11D503C71009B0A3A;
					};
				};
			};
			buildConfigurationList = B66709CD1D503C71009B0A3A /* Build configuration list for PBXProject "Signinout" */;
			compatibilityVersion = "Xcode 3.2";
			developmentRegion = English;
			hasScannedForEncodings = 0;
			knownRegions = (
				en,
				Base,
			);
			mainGroup = B66709C91D503C71009B0A3A;
			productRefGroup = B66709D31D503C71009B0A3A /* Products */;
			projectDirPath = "";
			projectRoot = "";
			targets = (
				B66709D11D503C71009B0A3A /* Signinout */,
				B66709ED1D503C71009B0A3A /* SigninoutTests */,
				B66709F81D503C71009B0A3A /* SigninoutUITests */,
			);
		};
/* End PBXProject section */

/* Begin PBXResourcesBuildPhase section */
		B66709D01D503C71009B0A3A /* Resources */ = {
			isa = PBXResourcesBuildPhase;
			buildActionMask = 2147483647;
			files = (
				B66709E81D503C71009B0A3A /* LaunchScreen.storyboard in Resources */,
				B66709E51D503C71009B0A3A /* Assets.xcassets in Resources */,
				B66709E31D503C71009B0A3A /* Main.storyboard in Resources */,
			);
			runOnlyForDeploymentPostprocessing = 0;
		};
		B66709EC1D503C71009B0A3A /* Resources */ = {
			isa = PBXResourcesBuildPhase;
			buildActionMask = 2147483647;
			files = (
			);
			runOnlyForDeploymentPostprocessing = 0;
		};
		B66709F71D503C71009B0A3A /* Resources */ = {
			isa = PBXResourcesBuildPhase;
			buildActionMask = 2147483647;
			files = (
			);
			runOnlyForDeploymentPostprocessing = 0;
		};
/* End PBXResourcesBuildPhase section */

/* Begin PBXSourcesBuildPhase section */
		B66709CE1D503C71009B0A3A /* Sources */ = {
			isa = PBXSourcesBuildPhase;
			buildActionMask = 2147483647;
			files = (
				B6014DB91D5587080092F688 /* PunchListTableViewController.m in Sources */,
				B6014EC31D560EBD0092F688 /* MKNetworkEngine.m in Sources */,
				B6014EC41D560EBD0092F688 /* MKNetworkOperation.m in Sources */,
				B66709DA1D503C71009B0A3A /* AppDelegate.m in Sources */,
				B6014EBD1D560EBD0092F688 /* NSData+MKBase64.m in Sources */,
				B6014EBE1D560EBD0092F688 /* NSDate+RFC1123.m in Sources */,
				B6670A131D50436C009B0A3A /* SetupViewController.m in Sources */,
				B6EA79CC1DE9736C00F64C9A /* LoginViewController.m in Sources */,
				B6014DBC1D5587D20092F688 /* PunchListTableViewCell.m in Sources */,
				B6014EC01D560EBD0092F688 /* NSString+MKNetworkKitAdditions.m in Sources */,
				B6014DEC1D55B3EF0092F688 /* PunchViewController.m in Sources */,
				B6B167CD1DE97FCC008212D8 /* LoginAfterUITabBarViewController.m in Sources */,
				B6014EC11D560EBD0092F688 /* UIAlertView+MKNetworkKitAdditions.m in Sources */,
				B6014EC21D560EBD0092F688 /* UIImageView+MKNetworkKitAdditions.m in Sources */,
				B66709D71D503C71009B0A3A /* main.m in Sources */,
				B6014EBF1D560EBD0092F688 /* NSDictionary+RequestEncoding.m in Sources */,
				B6014EBC1D560EBD0092F688 /* NSAlert+MKNetworkKitAdditions.m in Sources */,
				B6014EC51D560EBD0092F688 /* Reachability.m in Sources */,
			);
			runOnlyForDeploymentPostprocessing = 0;
		};
		B66709EA1D503C71009B0A3A /* Sources */ = {
			isa = PBXSourcesBuildPhase;
			buildActionMask = 2147483647;
			files = (
				B66709F31D503C71009B0A3A /* SigninoutTests.m in Sources */,
			);
			runOnlyForDeploymentPostprocessing = 0;
		};
		B66709F51D503C71009B0A3A /* Sources */ = {
			isa = PBXSourcesBuildPhase;
			buildActionMask = 2147483647;
			files = (
				B66709FE1D503C71009B0A3A /* SigninoutUITests.m in Sources */,
			);
			runOnlyForDeploymentPostprocessing = 0;
		};
/* End PBXSourcesBuildPhase section */

/* Begin PBXTargetDependency section */
		B66709F01D503C71009B0A3A /* PBXTargetDependency */ = {
			isa = PBXTargetDependency;
			target = B66709D11D503C71009B0A3A /* Signinout */;
			targetProxy = B66709EF1D503C71009B0A3A /* PBXContainerItemProxy */;
		};
		B66709FB1D503C71009B0A3A /* PBXTargetDependency */ = {
			isa = PBXTargetDependency;
			target = B66709D11D503C71009B0A3A /* Signinout */;
			targetProxy = B66709FA1D503C71009B0A3A /* PBXContainerItemProxy */;
		};
/* End PBXTargetDependency section */

/* Begin PBXVariantGroup section */
		B66709E11D503C71009B0A3A /* Main.storyboard */ = {
			isa = PBXVariantGroup;
			children = (
				B66709E21D503C71009B0A3A /* Base */,
			);
			name = Main.storyboard;
			sourceTree = "<group>";
		};
		B66709E61D503C71009B0A3A /* LaunchScreen.storyboard */ = {
			isa = PBXVariantGroup;
			children = (
				B66709E71D503C71009B0A3A /* Base */,
			);
			name = LaunchScreen.storyboard;
			sourceTree = "<group>";
		};
/* End PBXVariantGroup section */

/* Begin XCBuildConfiguration section */
		B6670A001D503C71009B0A3A /* Debug */ = {
			isa = XCBuildConfiguration;
			buildSettings = {
				ALWAYS_SEARCH_USER_PATHS = NO;
				CLANG_ANALYZER_NONNULL = YES;
				CLANG_CXX_LANGUAGE_STANDARD = "gnu++0x";
				CLANG_CXX_LIBRARY = "libc++";
				CLANG_ENABLE_MODULES = YES;
				CLANG_ENABLE_OBJC_ARC = YES;
				CLANG_WARN_BOOL_CONVERSION = YES;
				CLANG_WARN_CONSTANT_CONVERSION = YES;
				CLANG_WARN_DIRECT_OBJC_ISA_USAGE = YES_ERROR;
				CLANG_WARN_EMPTY_BODY = YES;
				CLANG_WARN_ENUM_CONVERSION = YES;
				CLANG_WARN_INFINITE_RECURSION = YES;
				CLANG_WARN_INT_CONVERSION = YES;
				CLANG_WARN_OBJC_ROOT_CLASS = YES_ERROR;
				CLANG_WARN_SUSPICIOUS_MOVE = YES;
				CLANG_WARN_UNREACHABLE_CODE = YES;
				CLANG_WARN__DUPLICATE_METHOD_MATCH = YES;
				"CODE_SIGN_IDENTITY[sdk=iphoneos*]" = "iPhone Developer";
				COPY_PHASE_STRIP = NO;
				DEBUG_INFORMATION_FORMAT = dwarf;
				ENABLE_STRICT_OBJC_MSGSEND = YES;
				ENABLE_TESTABILITY = YES;
				GCC_C_LANGUAGE_STANDARD = gnu99;
				GCC_DYNAMIC_NO_PIC = NO;
				GCC_NO_COMMON_BLOCKS = YES;
				GCC_OPTIMIZATION_LEVEL = 0;
				GCC_PREPROCESSOR_DEFINITIONS = (
					"DEBUG=1",
					"$(inherited)",
				);
				GCC_WARN_64_TO_32_BIT_CONVERSION = YES;
				GCC_WARN_ABOUT_RETURN_TYPE = YES_ERROR;
				GCC_WARN_UNDECLARED_SELECTOR = YES;
				GCC_WARN_UNINITIALIZED_AUTOS = YES_AGGRESSIVE;
				GCC_WARN_UNUSED_FUNCTION = YES;
				GCC_WARN_UNUSED_VARIABLE = YES;
				IPHONEOS_DEPLOYMENT_TARGET = 9.3;
				MTL_ENABLE_DEBUG_INFO = YES;
				ONLY_ACTIVE_ARCH = YES;
				SDKROOT = iphoneos;
			};
			name = Debug;
		};
		B6670A011D503C71009B0A3A /* Release */ = {
			isa = XCBuildConfiguration;
			buildSettings = {
				ALWAYS_SEARCH_USER_PATHS = NO;
				CLANG_ANALYZER_NONNULL = YES;
				CLANG_CXX_LANGUAGE_STANDARD = "gnu++0x";
				CLANG_CXX_LIBRARY = "libc++";
				CLANG_ENABLE_MODULES = YES;
				CLANG_ENABLE_OBJC_ARC = YES;
				CLANG_WARN_BOOL_CONVERSION = YES;
				CLANG_WARN_CONSTANT_CONVERSION = YES;
				CLANG_WARN_DIRECT_OBJC_ISA_USAGE = YES_ERROR;
				CLANG_WARN_EMPTY_BODY = YES;
				CLANG_WARN_ENUM_CONVERSION = YES;
				CLANG_WARN_INFINITE_RECURSION = YES;
				CLANG_WARN_INT_CONVERSION = YES;
				CLANG_WARN_OBJC_ROOT_CLASS = YES_ERROR;
				CLANG_WARN_SUSPICIOUS_MOVE = YES;
				CLANG_WARN_UNREACHABLE_CODE = YES;
				CLANG_WARN__DUPLICATE_METHOD_MATCH = YES;
				"CODE_SIGN_IDENTITY[sdk=iphoneos*]" = "iPhone Developer";
				COPY_PHASE_STRIP = NO;
				DEBUG_INFORMATION_FORMAT = "dwarf-with-dsym";
				ENABLE_NS_ASSERTIONS = NO;
				ENABLE_STRICT_OBJC_MSGSEND = YES;
				GCC_C_LANGUAGE_STANDARD = gnu99;
				GCC_NO_COMMON_BLOCKS = YES;
				GCC_WARN_64_TO_32_BIT_CONVERSION = YES;
				GCC_WARN_ABOUT_RETURN_TYPE = YES_ERROR;
				GCC_WARN_UNDECLARED_SELECTOR = YES;
				GCC_WARN_UNINITIALIZED_AUTOS = YES_AGGRESSIVE;
				GCC_WARN_UNUSED_FUNCTION = YES;
				GCC_WARN_UNUSED_VARIABLE = YES;
				IPHONEOS_DEPLOYMENT_TARGET = 9.3;
				MTL_ENABLE_DEBUG_INFO = NO;
				SDKROOT = iphoneos;
				VALIDATE_PRODUCT = YES;
			};
			name = Release;
		};
		B6670A031D503C71009B0A3A /* Debug */ = {
			isa = XCBuildConfiguration;
			buildSettings = {
				ASSETCATALOG_COMPILER_APPICON_NAME = AppIcon;
				GCC_PREFIX_HEADER = "$(SRCROOT)/Signinout/PrefixHeader.pch";
				INFOPLIST_FILE = Signinout/Info.plist;
				LD_RUNPATH_SEARCH_PATHS = "$(inherited) @executable_path/Frameworks";
				PRODUCT_BUNDLE_IDENTIFIER = jp.co.maiasoft.Signinout;
				PRODUCT_NAME = "$(TARGET_NAME)";
			};
			name = Debug;
		};
		B6670A041D503C71009B0A3A /* Release */ = {
			isa = XCBuildConfiguration;
			buildSettings = {
				ASSETCATALOG_COMPILER_APPICON_NAME = AppIcon;
				GCC_PREFIX_HEADER = "$(SRCROOT)/Signinout/PrefixHeader.pch";
				INFOPLIST_FILE = Signinout/Info.plist;
				LD_RUNPATH_SEARCH_PATHS = "$(inherited) @executable_path/Frameworks";
				PRODUCT_BUNDLE_IDENTIFIER = jp.co.maiasoft.Signinout;
				PRODUCT_NAME = "$(TARGET_NAME)";
			};
			name = Release;
		};
		B6670A061D503C71009B0A3A /* Debug */ = {
			isa = XCBuildConfiguration;
			buildSettings = {
				BUNDLE_LOADER = "$(TEST_HOST)";
				INFOPLIST_FILE = SigninoutTests/Info.plist;
				LD_RUNPATH_SEARCH_PATHS = "$(inherited) @executable_path/Frameworks @loader_path/Frameworks";
				PRODUCT_BUNDLE_IDENTIFIER = jp.co.maiasoft.SigninoutTests;
				PRODUCT_NAME = "$(TARGET_NAME)";
				TEST_HOST = "$(BUILT_PRODUCTS_DIR)/Signinout.app/Signinout";
			};
			name = Debug;
		};
		B6670A071D503C71009B0A3A /* Release */ = {
			isa = XCBuildConfiguration;
			buildSettings = {
				BUNDLE_LOADER = "$(TEST_HOST)";
				INFOPLIST_FILE = SigninoutTests/Info.plist;
				LD_RUNPATH_SEARCH_PATHS = "$(inherited) @executable_path/Frameworks @loader_path/Frameworks";
				PRODUCT_BUNDLE_IDENTIFIER = jp.co.maiasoft.SigninoutTests;
				PRODUCT_NAME = "$(TARGET_NAME)";
				TEST_HOST = "$(BUILT_PRODUCTS_DIR)/Signinout.app/Signinout";
			};
			name = Release;
		};
		B6670A091D503C71009B0A3A /* Debug */ = {
			isa = XCBuildConfiguration;
			buildSettings = {
				INFOPLIST_FILE = SigninoutUITests/Info.plist;
				LD_RUNPATH_SEARCH_PATHS = "$(inherited) @executable_path/Frameworks @loader_path/Frameworks";
				PRODUCT_BUNDLE_IDENTIFIER = jp.co.maiasoft.SigninoutUITests;
				PRODUCT_NAME = "$(TARGET_NAME)";
				TEST_TARGET_NAME = Signinout;
			};
			name = Debug;
		};
		B6670A0A1D503C71009B0A3A /* Release */ = {
			isa = XCBuildConfiguration;
			buildSettings = {
				INFOPLIST_FILE = SigninoutUITests/Info.plist;
				LD_RUNPATH_SEARCH_PATHS = "$(inherited) @executable_path/Frameworks @loader_path/Frameworks";
				PRODUCT_BUNDLE_IDENTIFIER = jp.co.maiasoft.SigninoutUITests;
				PRODUCT_NAME = "$(TARGET_NAME)";
				TEST_TARGET_NAME = Signinout;
			};
			name = Release;
		};
/* End XCBuildConfiguration section */

/* Begin XCConfigurationList section */
		B66709CD1D503C71009B0A3A /* Build configuration list for PBXProject "Signinout" */ = {
			isa = XCConfigurationList;
			buildConfigurations = (
				B6670A001D503C71009B0A3A /* Debug */,
				B6670A011D503C71009B0A3A /* Release */,
			);
			defaultConfigurationIsVisible = 0;
			defaultConfigurationName = Release;
		};
		B6670A021D503C71009B0A3A /* Build configuration list for PBXNativeTarget "Signinout" */ = {
			isa = XCConfigurationList;
			buildConfigurations = (
				B6670A031D503C71009B0A3A /* Debug */,
				B6670A041D503C71009B0A3A /* Release */,
			);
			defaultConfigurationIsVisible = 0;
			defaultConfigurationName = Release;
		};
		B6670A051D503C71009B0A3A /* Build configuration list for PBXNativeTarget "SigninoutTests" */ = {
			isa = XCConfigurationList;
			buildConfigurations = (
				B6670A061D503C71009B0A3A /* Debug */,
				B6670A071D503C71009B0A3A /* Release */,
			);
			defaultConfigurationIsVisible = 0;
			defaultConfigurationName = Release;
		};
		B6670A081D503C71009B0A3A /* Build configuration list for PBXNativeTarget "SigninoutUITests" */ = {
			isa = XCConfigurationList;
			buildConfigurations = (
				B6670A091D503C71009B0A3A /* Debug */,
				B6670A0A1D503C71009B0A3A /* Release */,
			);
			defaultConfigurationIsVisible = 0;
			defaultConfigurationName = Release;
		};
/* End XCConfigurationList section */
	};
	rootObject = B66709CA1D503C71009B0A3A /* Project object */;
}
